<?xml version="1.0" encoding="utf-8"?>
<Project ToolsVersion="4.0" xmlns="http://schemas.microsoft.com/developer/msbuild/2003">
  <ItemGroup>
    <Filter Include="Source Files">
      <UniqueIdentifier>{6663adad-2347-468e-a963-db5c5145479b}</UniqueIdentifier>
      <Extensions>cpp;c;cxx;def;odl;idl;hpj;bat;asm</Extensions>
    </Filter>
    <Filter Include="Header Files">
      <UniqueIdentifier>{9b4a9b47-a729-49e2-b76e-163f876518aa}</UniqueIdentifier>
      <Extensions>h;hpp;hxx;hm;inl;inc</Extensions>
    </Filter>
    <Filter Include="Resource Files">
      <UniqueIdentifier>{fc610eb7-af8a-4ff6-b8d1-c5f4ef04f51c}</UniqueIdentifier>
      <Extensions>rc;ico;cur;bmp;dlg;rc2;rct;bin;rgs;gif;jpg;jpeg;jpe;r</Extensions>
    </Filter>
  </ItemGroup>
  <ItemGroup>
    <ClCompile Include="address_data.cpp">
      <Filter>Source Files</Filter>
    </ClCompile>
    <ClCompile Include="address_data_element.cpp">
      <Filter>Source Files</Filter>
    </ClCompile>
    <ClCompile Include="address_map.cpp">
      <Filter>Source Files</Filter>
    </ClCompile>
    <ClCompile Include="application.cpp">
      <Filter>Source Files</Filter>
    </ClCompile>
    <ClCompile Include="binary_parser.cpp">
      <Filter>Source Files</Filter>
    </ClCompile>
    <ClCompile Include="code_assembler.cpp">
      <Filter>Source Files</Filter>
    </ClCompile>
    <ClCompile Include="code_parser.cpp">
      <Filter>Source Files</Filter>
    </ClCompile>
    <ClCompile Include="com_parser.cpp">
      <Filter>Source Files</Filter>
    </ClCompile>
    <ClCompile Include="comment.cpp">
      <Filter>Source Files</Filter>
    </ClCompile>
    <ClCompile Include="consts.cpp">
      <Filter>Source Files</Filter>
    </ClCompile>
    <ClCompile Include="cyber_memory.cpp">
      <Filter>Source Files</Filter>
    </ClCompile>
    <ClCompile Include="dangle_group.cpp">
      <Filter>Source Files</Filter>
    </ClCompile>
    <ClCompile Include="dangle_window.cpp">
      <Filter>Source Files</Filter>
    </ClCompile>
    <ClCompile Include="danglewindow_code.cpp">
      <Filter>Source Files</Filter>
    </ClCompile>
    <ClCompile Include="danglewindow_danglegroup.cpp">
      <Filter>Source Files</Filter>
    </ClCompile>
    <ClCompile Include="danglewindow_hex.cpp">
      <Filter>Source Files</Filter>
    </ClCompile>
    <ClCompile Include="dialog.cpp">
      <Filter>Source Files</Filter>
    </ClCompile>
    <ClCompile Include="dialog_about.cpp">
      <Filter>Source Files</Filter>
    </ClCompile>
    <ClCompile Include="dialog_comparsersettings.cpp">
      <Filter>Source Files</Filter>
    </ClCompile>
    <ClCompile Include="dialog_editcomment.cpp">
      <Filter>Source Files</Filter>
    </ClCompile>
    <ClCompile Include="dialog_editlabel.cpp">
      <Filter>Source Files</Filter>
    </ClCompile>
    <ClCompile Include="dialog_enterstring.cpp">
      <Filter>Source Files</Filter>
    </ClCompile>
    <ClCompile Include="dialog_gotoaddress.cpp">
      <Filter>Source Files</Filter>
    </ClCompile>
    <ClCompile Include="dialog_gotoxreference.cpp">
      <Filter>Source Files</Filter>
    </ClCompile>
    <ClCompile Include="dialog_instructionassembler.cpp">
      <Filter>Source Files</Filter>
    </ClCompile>
    <ClCompile Include="dialog_list_exports.cpp">
      <Filter>Source Files</Filter>
    </ClCompile>
    <ClCompile Include="dialog_list_imports.cpp">
      <Filter>Source Files</Filter>
    </ClCompile>
    <ClCompile Include="dialog_messagebox.cpp">
      <Filter>Source Files</Filter>
    </ClCompile>
    <ClCompile Include="dialog_peparsersettings.cpp">
      <Filter>Source Files</Filter>
    </ClCompile>
    <ClCompile Include="dialog_selectfileanalizer.cpp">
      <Filter>Source Files</Filter>
    </ClCompile>
    <ClCompile Include="dialog_splash.cpp">
      <Filter>Source Files</Filter>
    </ClCompile>
    <ClCompile Include="dumpfile_parser.cpp">
      <Filter>Source Files</Filter>
    </ClCompile>
    <ClCompile Include="edited_file.cpp">
      <Filter>Source Files</Filter>
    </ClCompile>
    <ClCompile Include="explored_image.cpp">
      <Filter>Source Files</Filter>
    </ClCompile>
    <ClCompile Include="file_parser.cpp">
      <Filter>Source Files</Filter>
    </ClCompile>
    <ClCompile Include="image_list_exports.cpp">
      <Filter>Source Files</Filter>
    </ClCompile>
    <ClCompile Include="image_list_imports.cpp">
      <Filter>Source Files</Filter>
    </ClCompile>
    <ClCompile Include="instruction.cpp">
      <Filter>Source Files</Filter>
    </ClCompile>
    <ClCompile Include="instruction_set.cpp">
      <Filter>Source Files</Filter>
    </ClCompile>
    <ClCompile Include="interpretations.cpp">
      <Filter>Source Files</Filter>
    </ClCompile>
    <ClCompile Include="label.cpp">
      <Filter>Source Files</Filter>
    </ClCompile>
    <ClCompile Include="listing.cpp">
      <Filter>Source Files</Filter>
    </ClCompile>
    <ClCompile Include="listing_device.cpp">
      <Filter>Source Files</Filter>
    </ClCompile>
    <ClCompile Include="listing_string.cpp">
      <Filter>Source Files</Filter>
    </ClCompile>
    <ClCompile Include="listing_textfile.cpp">
      <Filter>Source Files</Filter>
    </ClCompile>
    <ClCompile Include="load_intstructions.cpp">
      <Filter>Source Files</Filter>
    </ClCompile>
    <ClCompile Include="main.cpp">
      <Filter>Source Files</Filter>
    </ClCompile>
    <ClCompile Include="main_window.cpp">
      <Filter>Source Files</Filter>
    </ClCompile>
    <ClCompile Include="object.cpp">
      <Filter>Source Files</Filter>
    </ClCompile>
    <ClCompile Include="operands.cpp">
      <Filter>Source Files</Filter>
    </ClCompile>
    <ClCompile Include="painted_window.cpp">
      <Filter>Source Files</Filter>
    </ClCompile>
    <ClCompile Include="pe_parser.cpp">
      <Filter>Source Files</Filter>
    </ClCompile>
    <ClCompile Include="strings.cpp">
      <Filter>Source Files</Filter>
    </ClCompile>
    <ClCompile Include="subroutine.cpp">
      <Filter>Source Files</Filter>
    </ClCompile>
    <ClCompile Include="tool_dumper.cpp">
      <Filter>Source Files</Filter>
    </ClCompile>
    <ClCompile Include="usercontrol_list.cpp">
      <Filter>Source Files</Filter>
    </ClCompile>
    <ClCompile Include="window.cpp">
      <Filter>Source Files</Filter>
    </ClCompile>
    <ClCompile Include="xreference.cpp">
      <Filter>Source Files</Filter>
    </ClCompile>
  </ItemGroup>
  <ItemGroup>
    <ClInclude Include="address_data.h">
      <Filter>Header Files</Filter>
    </ClInclude>
    <ClInclude Include="address_data_element.h">
      <Filter>Header Files</Filter>
    </ClInclude>
    <ClInclude Include="address_map.h">
      <Filter>Header Files</Filter>
    </ClInclude>
    <ClInclude Include="application.h">
      <Filter>Header Files</Filter>
    </ClInclude>
    <ClInclude Include="binary_parser.h">
      <Filter>Header Files</Filter>
    </ClInclude>
    <ClInclude Include="code_assembler.h">
      <Filter>Header Files</Filter>
    </ClInclude>
    <ClInclude Include="code_parser.h">
      <Filter>Header Files</Filter>
    </ClInclude>
    <ClInclude Include="com_parser.h">
      <Filter>Header Files</Filter>
    </ClInclude>
    <ClInclude Include="comment.h">
      <Filter>Header Files</Filter>
    </ClInclude>
    <ClInclude Include="consts.h">
      <Filter>Header Files</Filter>
    </ClInclude>
    <ClInclude Include="cyber_memory.h">
      <Filter>Header Files</Filter>
    </ClInclude>
    <ClInclude Include="dangle_group.h">
      <Filter>Header Files</Filter>
    </ClInclude>
    <ClInclude Include="dangle_window.h">
      <Filter>Header Files</Filter>
    </ClInclude>
    <ClInclude Include="danglewindow_code.h">
      <Filter>Header Files</Filter>
    </ClInclude>
    <ClInclude Include="danglewindow_danglegroup.h">
      <Filter>Header Files</Filter>
    </ClInclude>
    <ClInclude Include="danglewindow_hex.h">
      <Filter>Header Files</Filter>
    </ClInclude>
    <ClInclude Include="danglewindow_imports.h">
      <Filter>Header Files</Filter>
    </ClInclude>
    <ClInclude Include="dialog.h">
      <Filter>Header Files</Filter>
    </ClInclude>
    <ClInclude Include="dialog_about.h">
      <Filter>Header Files</Filter>
    </ClInclude>
    <ClInclude Include="dialog_comparsersettings.h">
      <Filter>Header Files</Filter>
    </ClInclude>
    <ClInclude Include="dialog_editcomment.h">
      <Filter>Header Files</Filter>
    </ClInclude>
    <ClInclude Include="dialog_editlabel.h">
      <Filter>Header Files</Filter>
    </ClInclude>
    <ClInclude Include="dialog_enterstring.h">
      <Filter>Header Files</Filter>
    </ClInclude>
    <ClInclude Include="dialog_gotoaddress.h">
      <Filter>Header Files</Filter>
    </ClInclude>
    <ClInclude Include="dialog_gotoxreference.h">
      <Filter>Header Files</Filter>
    </ClInclude>
    <ClInclude Include="dialog_instructionassembler.h">
      <Filter>Header Files</Filter>
    </ClInclude>
    <ClInclude Include="dialog_list_exports.h">
      <Filter>Header Files</Filter>
    </ClInclude>
    <ClInclude Include="dialog_list_imports.h">
      <Filter>Header Files</Filter>
    </ClInclude>
    <ClInclude Include="dialog_messagebox.h">
      <Filter>Header Files</Filter>
    </ClInclude>
    <ClInclude Include="dialog_peparsersettings.h">
      <Filter>Header Files</Filter>
    </ClInclude>
    <ClInclude Include="dialog_selectfileanalizer.h">
      <Filter>Header Files</Filter>
    </ClInclude>
    <ClInclude Include="dialog_splash.h">
      <Filter>Header Files</Filter>
    </ClInclude>
    <ClInclude Include="disassembly.h">
      <Filter>Header Files</Filter>
    </ClInclude>
    <ClInclude Include="dumpfile_parser.h">
      <Filter>Header Files</Filter>
    </ClInclude>
    <ClInclude Include="edited_file.h">
      <Filter>Header Files</Filter>
    </ClInclude>
    <ClInclude Include="explored_image.h">
      <Filter>Header Files</Filter>
    </ClInclude>
    <ClInclude Include="file_parser.h">
      <Filter>Header Files</Filter>
    </ClInclude>
    <ClInclude Include="fileformat_dump.h">
      <Filter>Header Files</Filter>
    </ClInclude>
    <ClInclude Include="image_extend_object.h">
      <Filter>Header Files</Filter>
    </ClInclude>
    <ClInclude Include="image_list_exports.h">
      <Filter>Header Files</Filter>
    </ClInclude>
    <ClInclude Include="image_list_imports.h">
      <Filter>Header Files</Filter>
    </ClInclude>
    <ClInclude Include="instruction.h">
      <Filter>Header Files</Filter>
    </ClInclude>
    <ClInclude Include="instruction_set.h">
      <Filter>Header Files</Filter>
    </ClInclude>
    <ClInclude Include="instructions.h">
      <Filter>Header Files</Filter>
    </ClInclude>
    <ClInclude Include="interpretations.h">
      <Filter>Header Files</Filter>
    </ClInclude>
    <ClInclude Include="label.h">
      <Filter>Header Files</Filter>
    </ClInclude>
    <ClInclude Include="listing.h">
      <Filter>Header Files</Filter>
    </ClInclude>
    <ClInclude Include="listing_device.h">
      <Filter>Header Files</Filter>
    </ClInclude>
    <ClInclude Include="listing_string.h">
      <Filter>Header Files</Filter>
    </ClInclude>
    <ClInclude Include="listing_textfile.h">
      <Filter>Header Files</Filter>
    </ClInclude>
    <ClInclude Include="localization.h">
      <Filter>Header Files</Filter>
    </ClInclude>
    <ClInclude Include="main_window.h">
      <Filter>Header Files</Filter>
    </ClInclude>
    <ClInclude Include="object.h">
      <Filter>Header Files</Filter>
    </ClInclude>
    <ClInclude Include="operands.h">
      <Filter>Header Files</Filter>
    </ClInclude>
    <ClInclude Include="painted_window.h">
      <Filter>Header Files</Filter>
    </ClInclude>
    <ClInclude Include="pe_parser.h">
      <Filter>Header Files</Filter>
    </ClInclude>
    <ClInclude Include="resource.h">
      <Filter>Header Files</Filter>
    </ClInclude>
    <ClInclude Include="strings.h">
      <Filter>Header Files</Filter>
    </ClInclude>
    <ClInclude Include="subroutine.h">
      <Filter>Header Files</Filter>
    </ClInclude>
    <ClInclude Include="tool_dumper.h">
      <Filter>Header Files</Filter>
    </ClInclude>
    <ClInclude Include="usercontrol_list.h">
      <Filter>Header Files</Filter>
    </ClInclude>
    <ClInclude Include="window.h">
      <Filter>Header Files</Filter>
    </ClInclude>
    <ClInclude Include="windows.h">
      <Filter>Header Files</Filter>
    </ClInclude>
    <ClInclude Include="xreference.h">
      <Filter>Header Files</Filter>
    </ClInclude>
  </ItemGroup>
  <ItemGroup>
    <Manifest Include="Code0.manifest">
      <Filter>Resource Files</Filter>
    </Manifest>
  </ItemGroup>
  <ItemGroup>
    <ResourceCompile Include="Code0.rc">
      <Filter>Resource Files</Filter>
    </ResourceCompile>
  </ItemGroup>
  <ItemGroup>
    <Image Include="emptybrush.bmp">
      <Filter>Resource Files</Filter>
    </Image>
    <Image Include="iconquestion.bmp">
      <Filter>Resource Files</Filter>
    </Image>
    <Image Include="iconstop.bmp">
      <Filter>Resource Files</Filter>
    </Image>
    <Image Include="iconwarning.bmp">
      <Filter>Resource Files</Filter>
    </Image>
    <Image Include="knot.bmp">
      <Filter>Resource Files</Filter>
    </Image>
    <Image Include="knot.ico">
      <Filter>Resource Files</Filter>
    </Image>
  </ItemGroup>
  <ItemGroup>
    <Text Include="notes.txt" />
  </ItemGroup>
</Project>